
Microsoft Visual Studio Solution File, Format Version 12.00
# Visual Studio 15
VisualStudioVersion = 15.0.27130.2027
MinimumVisualStudioVersion = 10.0.40219.1
Project("{2150E333-8FDC-42A3-9474-1A3956D46DE8}") = "TestWebApplication", "TestWebApplication", "{0D7AEFA3-ABB0-4AF1-A4C1-F8E05C241753}"
EndProject
Project("{2150E333-8FDC-42A3-9474-1A3956D46DE8}") = "ExtensionA", "ExtensionA", "{F92B44CF-63EE-4781-8244-48ACC5386A8C}"
EndProject
Project("{2150E333-8FDC-42A3-9474-1A3956D46DE8}") = "ExtensionB", "ExtensionB", "{4EA56716-702B-485A-A23A-10E110A85D78}"
EndProject
Project("{9A19103F-16F7-4668-BE54-9A1E7A4F7556}") = "WebApplication", "src\WebApplication\WebApplication.csproj", "{B511B595-A980-4D5C-BC2A-BCCB4065B433}"
EndProject
Project("{9A19103F-16F7-4668-BE54-9A1E7A4F7556}") = "WebApplication.ExtensionA", "src\WebApplication.ExtensionA\WebApplication.ExtensionA.csproj", "{8D722841-4E2C-4673-A7CC-C2690EFE3915}"
EndProject
Project("{9A19103F-16F7-4668-BE54-9A1E7A4F7556}") = "WebApplication.ExtensionB.Data.Entities", "src\WebApplication.ExtensionB.Data.Entities\WebApplication.ExtensionB.Data.Entities.csproj", "{6EB08C04-9CA2-48B7-9404-3188AFA3E2DF}"
EndProject
Project("{9A19103F-16F7-4668-BE54-9A1E7A4F7556}") = "WebApplication.ExtensionB", "src\WebApplication.ExtensionB\WebApplication.ExtensionB.csproj", "{396A8530-C500-469E-9F6F-A2D9C286C47D}"
EndProject
Project("{9A19103F-16F7-4668-BE54-9A1E7A4F7556}") = "WebApplication.ExtensionB.Data.Abstractions", "src\WebApplication.ExtensionB.Data.Abstractions\WebApplication.ExtensionB.Data.Abstractions.csproj", "{922E22BD-10F8-4261-9ACC-9CD10A4C8147}"
EndProject
Project("{9A19103F-16F7-4668-BE54-9A1E7A4F7556}") = "WebApplication.ExtensionB.Data.EntityFramework.Sqlite", "src\WebApplication.ExtensionB.Data.EntityFramework.Sqlite\WebApplication.ExtensionB.Data.EntityFramework.Sqlite.csproj", "{AF7B3C14-BC6E-4964-BD0B-5233428349B6}"
EndProject
Project("{9A19103F-16F7-4668-BE54-9A1E7A4F7556}") = "ExtCore.Data", "ExtCore\ExtCore.Data\ExtCore.Data.csproj", "{2777E1BC-11DE-4BA1-8984-49F40FDD38AF}"
EndProject
Project("{9A19103F-16F7-4668-BE54-9A1E7A4F7556}") = "ExtCore.Data.Abstractions", "ExtCore\ExtCore.Data.Abstractions\ExtCore.Data.Abstractions.csproj", "{D9AE4E2E-1845-479C-B5BF-6332FC679CB5}"
EndProject
Project("{9A19103F-16F7-4668-BE54-9A1E7A4F7556}") = "ExtCore.Data.EntityFramework.PostgreSql", "ExtCore\ExtCore.Data.EntityFramework.PostgreSql\ExtCore.Data.EntityFramework.PostgreSql.csproj", "{7E6853DD-6E22-4442-BB01-AB331E19F60F}"
EndProject
Project("{9A19103F-16F7-4668-BE54-9A1E7A4F7556}") = "ExtCore.Data.EntityFramework.Sqlite", "ExtCore\ExtCore.Data.EntityFramework.Sqlite\ExtCore.Data.EntityFramework.Sqlite.csproj", "{01D912D8-3F96-4503-93E5-0771BE6871A1}"
EndProject
Project("{9A19103F-16F7-4668-BE54-9A1E7A4F7556}") = "ExtCore.Data.EntityFramework.SqlServer", "ExtCore\ExtCore.Data.EntityFramework.SqlServer\ExtCore.Data.EntityFramework.SqlServer.csproj", "{C343B827-D6DD-4CBD-8149-55C5E6D24B26}"
EndProject
Project("{9A19103F-16F7-4668-BE54-9A1E7A4F7556}") = "ExtCore.Data.Entities.Abstractions", "ExtCore\ExtCore.Data.Entities.Abstractions\ExtCore.Data.Entities.Abstractions.csproj", "{E8F7DBC5-56DB-4F41-BA7B-98EA57A65D5E}"
EndProject
Project("{9A19103F-16F7-4668-BE54-9A1E7A4F7556}") = "ExtCore.Events", "ExtCore\ExtCore.Events\ExtCore.Events.csproj", "{A8D5E390-FB29-4302-8EB4-836CD1648CEE}"
EndProject
Project("{9A19103F-16F7-4668-BE54-9A1E7A4F7556}") = "ExtCore.Infrastructure", "ExtCore\ExtCore.Infrastructure\ExtCore.Infrastructure.csproj", "{69653FDB-7DAB-444D-87DB-45284F0A598B}"
EndProject
Project("{9A19103F-16F7-4668-BE54-9A1E7A4F7556}") = "ExtCore.WebApplication", "ExtCore\ExtCore.WebApplication\ExtCore.WebApplication.csproj", "{658C9D51-BD80-44FB-BF85-6DAB7347778E}"
EndProject
Project("{9A19103F-16F7-4668-BE54-9A1E7A4F7556}") = "ExtCore.Mvc", "ExtCore\ExtCore.Mvc\ExtCore.Mvc.csproj", "{FFAC3017-9740-4891-93AB-D3EC8DBB3E7D}"
EndProject
Project("{9A19103F-16F7-4668-BE54-9A1E7A4F7556}") = "ExtCore.Mvc.Infrastructure", "ExtCore\ExtCore.Mvc.Infrastructure\ExtCore.Mvc.Infrastructure.csproj", "{AFBC01A7-D26E-43E8-83D9-1F3D38558A51}"
EndProject
Project("{9A19103F-16F7-4668-BE54-9A1E7A4F7556}") = "ExtCore.Data.EntityFramework", "ExtCore\ExtCore.Data.EntityFramework\ExtCore.Data.EntityFramework.csproj", "{1DAA35F7-921F-4FB3-B959-80A66ED3B0DE}"
EndProject
Project("{9A19103F-16F7-4668-BE54-9A1E7A4F7556}") = "ExtCore.Data.EntityFramework.MySql", "ExtCore\ExtCore.Data.EntityFramework.MySql\ExtCore.Data.EntityFramework.MySql.csproj", "{B6255F67-7D74-4AE8-B52E-28C043FA929A}"
EndProject
Project("{9A19103F-16F7-4668-BE54-9A1E7A4F7556}") = "WebApplication.ExtensionA.Data.Abstractions", "src\WebApplication.ExtensionA.Data.Abstractions\WebApplication.ExtensionA.Data.Abstractions.csproj", "{5EE9D49B-300B-4382-A6B6-6F1AC405B51B}"
EndProject
Project("{9A19103F-16F7-4668-BE54-9A1E7A4F7556}") = "WebApplication.ExtensionA.Data.Entities", "src\WebApplication.ExtensionA.Data.Entities\WebApplication.ExtensionA.Data.Entities.csproj", "{5C174011-FCD7-487E-BAF5-65FB0E8293C0}"
EndProject
Project("{9A19103F-16F7-4668-BE54-9A1E7A4F7556}") = "WebApplication.ExtensionA.Data.EntityFramework.Sqlite", "src\WebApplication.ExtensionA.Data.EntityFramework.Sqlite\WebApplication.ExtensionA.Data.EntityFramework.Sqlite.csproj", "{C7FE7CE1-FEBD-4352-8D92-AC99E42FAE0A}"
EndProject
Project("{9A19103F-16F7-4668-BE54-9A1E7A4F7556}") = "Data.Abstractions.Extensions", "src\Data.Abstractions.Extensions\Data.Abstractions.Extensions.csproj", "{7C1832BA-F806-4B77-A0CA-245C80C02626}"
EndProject
Project("{2150E333-8FDC-42A3-9474-1A3956D46DE8}") = "Data", "Data", "{644F6F51-843D-425F-9F73-28C40B96976C}"
EndProject
Project("{2150E333-8FDC-42A3-9474-1A3956D46DE8}") = "Data.Dapper", "Data.Dapper", "{BF845385-8B0B-43DE-BFCE-70DB89926D27}"
EndProject
Project("{2150E333-8FDC-42A3-9474-1A3956D46DE8}") = "Data.EntityFramework", "Data.EntityFramework", "{8DF6063C-15A8-443C-BCC0-38A36AC094C9}"
EndProject
Project("{2150E333-8FDC-42A3-9474-1A3956D46DE8}") = "Events", "Events", "{F69F5D94-B25A-4265-AAFA-1AB194F7DC19}"
EndProject
Project("{2150E333-8FDC-42A3-9474-1A3956D46DE8}") = "Mvc", "Mvc", "{102865B7-167F-4FE5-85CB-0174B5464252}"
EndProject
Project("{9A19103F-16F7-4668-BE54-9A1E7A4F7556}") = "ExtCore.Data.Dapper", "ExtCore\ExtCore.Data.Dapper\ExtCore.Data.Dapper.csproj", "{C250CB98-BCEB-457B-9A87-65601CDA2E18}"
EndProject
Project("{9A19103F-16F7-4668-BE54-9A1E7A4F7556}") = "ExtCore.Data.Dapper.MySql", "ExtCore\ExtCore.Data.Dapper.MySql\ExtCore.Data.Dapper.MySql.csproj", "{10D36D34-86AD-435C-9642-5B95F1E33E0D}"
EndProject
Project("{9A19103F-16F7-4668-BE54-9A1E7A4F7556}") = "ExtCore.Data.Dapper.PostgreSql", "ExtCore\ExtCore.Data.Dapper.PostgreSql\ExtCore.Data.Dapper.PostgreSql.csproj", "{7FEE0666-CAA2-4D31-8C51-2BABDC885630}"
EndProject
Project("{9A19103F-16F7-4668-BE54-9A1E7A4F7556}") = "ExtCore.Data.Dapper.Sqlite", "ExtCore\ExtCore.Data.Dapper.Sqlite\ExtCore.Data.Dapper.Sqlite.csproj", "{92741774-B70A-4523-94C3-1636FB72B823}"
EndProject
Project("{9A19103F-16F7-4668-BE54-9A1E7A4F7556}") = "ExtCore.Data.Dapper.SqlServer", "ExtCore\ExtCore.Data.Dapper.SqlServer\ExtCore.Data.Dapper.SqlServer.csproj", "{6C780935-9A08-4D86-80B8-F6731DAC815D}"
EndProject
Project("{2150E333-8FDC-42A3-9474-1A3956D46DE8}") = "ExtCore", "ExtCore", "{0035E709-EECF-4908-80CE-97A4D81979AE}"
EndProject
Global
	GlobalSection(SolutionConfigurationPlatforms) = preSolution
		Debug|Any CPU = Debug|Any CPU
		Release|Any CPU = Release|Any CPU
	EndGlobalSection
	GlobalSection(ProjectConfigurationPlatforms) = postSolution
		{B511B595-A980-4D5C-BC2A-BCCB4065B433}.Debug|Any CPU.ActiveCfg = Debug|Any CPU
		{B511B595-A980-4D5C-BC2A-BCCB4065B433}.Debug|Any CPU.Build.0 = Debug|Any CPU
		{B511B595-A980-4D5C-BC2A-BCCB4065B433}.Release|Any CPU.ActiveCfg = Release|Any CPU
		{B511B595-A980-4D5C-BC2A-BCCB4065B433}.Release|Any CPU.Build.0 = Release|Any CPU
		{8D722841-4E2C-4673-A7CC-C2690EFE3915}.Debug|Any CPU.ActiveCfg = Debug|Any CPU
		{8D722841-4E2C-4673-A7CC-C2690EFE3915}.Debug|Any CPU.Build.0 = Debug|Any CPU
		{8D722841-4E2C-4673-A7CC-C2690EFE3915}.Release|Any CPU.ActiveCfg = Release|Any CPU
		{8D722841-4E2C-4673-A7CC-C2690EFE3915}.Release|Any CPU.Build.0 = Release|Any CPU
		{6EB08C04-9CA2-48B7-9404-3188AFA3E2DF}.Debug|Any CPU.ActiveCfg = Debug|Any CPU
		{6EB08C04-9CA2-48B7-9404-3188AFA3E2DF}.Debug|Any CPU.Build.0 = Debug|Any CPU
		{6EB08C04-9CA2-48B7-9404-3188AFA3E2DF}.Release|Any CPU.ActiveCfg = Release|Any CPU
		{6EB08C04-9CA2-48B7-9404-3188AFA3E2DF}.Release|Any CPU.Build.0 = Release|Any CPU
		{396A8530-C500-469E-9F6F-A2D9C286C47D}.Debug|Any CPU.ActiveCfg = Debug|Any CPU
		{396A8530-C500-469E-9F6F-A2D9C286C47D}.Debug|Any CPU.Build.0 = Debug|Any CPU
		{396A8530-C500-469E-9F6F-A2D9C286C47D}.Release|Any CPU.ActiveCfg = Release|Any CPU
		{396A8530-C500-469E-9F6F-A2D9C286C47D}.Release|Any CPU.Build.0 = Release|Any CPU
		{922E22BD-10F8-4261-9ACC-9CD10A4C8147}.Debug|Any CPU.ActiveCfg = Debug|Any CPU
		{922E22BD-10F8-4261-9ACC-9CD10A4C8147}.Debug|Any CPU.Build.0 = Debug|Any CPU
		{922E22BD-10F8-4261-9ACC-9CD10A4C8147}.Release|Any CPU.ActiveCfg = Release|Any CPU
		{922E22BD-10F8-4261-9ACC-9CD10A4C8147}.Release|Any CPU.Build.0 = Release|Any CPU
		{AF7B3C14-BC6E-4964-BD0B-5233428349B6}.Debug|Any CPU.ActiveCfg = Debug|Any CPU
		{AF7B3C14-BC6E-4964-BD0B-5233428349B6}.Debug|Any CPU.Build.0 = Debug|Any CPU
		{AF7B3C14-BC6E-4964-BD0B-5233428349B6}.Release|Any CPU.ActiveCfg = Release|Any CPU
		{AF7B3C14-BC6E-4964-BD0B-5233428349B6}.Release|Any CPU.Build.0 = Release|Any CPU
		{2777E1BC-11DE-4BA1-8984-49F40FDD38AF}.Debug|Any CPU.ActiveCfg = Debug|Any CPU
		{2777E1BC-11DE-4BA1-8984-49F40FDD38AF}.Debug|Any CPU.Build.0 = Debug|Any CPU
		{2777E1BC-11DE-4BA1-8984-49F40FDD38AF}.Release|Any CPU.ActiveCfg = Release|Any CPU
		{2777E1BC-11DE-4BA1-8984-49F40FDD38AF}.Release|Any CPU.Build.0 = Release|Any CPU
		{D9AE4E2E-1845-479C-B5BF-6332FC679CB5}.Debug|Any CPU.ActiveCfg = Debug|Any CPU
		{D9AE4E2E-1845-479C-B5BF-6332FC679CB5}.Debug|Any CPU.Build.0 = Debug|Any CPU
		{D9AE4E2E-1845-479C-B5BF-6332FC679CB5}.Release|Any CPU.ActiveCfg = Release|Any CPU
		{D9AE4E2E-1845-479C-B5BF-6332FC679CB5}.Release|Any CPU.Build.0 = Release|Any CPU
		{7E6853DD-6E22-4442-BB01-AB331E19F60F}.Debug|Any CPU.ActiveCfg = Debug|Any CPU
		{7E6853DD-6E22-4442-BB01-AB331E19F60F}.Debug|Any CPU.Build.0 = Debug|Any CPU
		{7E6853DD-6E22-4442-BB01-AB331E19F60F}.Release|Any CPU.ActiveCfg = Release|Any CPU
		{7E6853DD-6E22-4442-BB01-AB331E19F60F}.Release|Any CPU.Build.0 = Release|Any CPU
		{01D912D8-3F96-4503-93E5-0771BE6871A1}.Debug|Any CPU.ActiveCfg = Debug|Any CPU
		{01D912D8-3F96-4503-93E5-0771BE6871A1}.Debug|Any CPU.Build.0 = Debug|Any CPU
		{01D912D8-3F96-4503-93E5-0771BE6871A1}.Release|Any CPU.ActiveCfg = Release|Any CPU
		{01D912D8-3F96-4503-93E5-0771BE6871A1}.Release|Any CPU.Build.0 = Release|Any CPU
		{C343B827-D6DD-4CBD-8149-55C5E6D24B26}.Debug|Any CPU.ActiveCfg = Debug|Any CPU
		{C343B827-D6DD-4CBD-8149-55C5E6D24B26}.Debug|Any CPU.Build.0 = Debug|Any CPU
		{C343B827-D6DD-4CBD-8149-55C5E6D24B26}.Release|Any CPU.ActiveCfg = Release|Any CPU
		{C343B827-D6DD-4CBD-8149-55C5E6D24B26}.Release|Any CPU.Build.0 = Release|Any CPU
		{E8F7DBC5-56DB-4F41-BA7B-98EA57A65D5E}.Debug|Any CPU.ActiveCfg = Debug|Any CPU
		{E8F7DBC5-56DB-4F41-BA7B-98EA57A65D5E}.Debug|Any CPU.Build.0 = Debug|Any CPU
		{E8F7DBC5-56DB-4F41-BA7B-98EA57A65D5E}.Release|Any CPU.ActiveCfg = Release|Any CPU
		{E8F7DBC5-56DB-4F41-BA7B-98EA57A65D5E}.Release|Any CPU.Build.0 = Release|Any CPU
		{A8D5E390-FB29-4302-8EB4-836CD1648CEE}.Debug|Any CPU.ActiveCfg = Debug|Any CPU
		{A8D5E390-FB29-4302-8EB4-836CD1648CEE}.Debug|Any CPU.Build.0 = Debug|Any CPU
		{A8D5E390-FB29-4302-8EB4-836CD1648CEE}.Release|Any CPU.ActiveCfg = Release|Any CPU
		{A8D5E390-FB29-4302-8EB4-836CD1648CEE}.Release|Any CPU.Build.0 = Release|Any CPU
		{69653FDB-7DAB-444D-87DB-45284F0A598B}.Debug|Any CPU.ActiveCfg = Debug|Any CPU
		{69653FDB-7DAB-444D-87DB-45284F0A598B}.Debug|Any CPU.Build.0 = Debug|Any CPU
		{69653FDB-7DAB-444D-87DB-45284F0A598B}.Release|Any CPU.ActiveCfg = Release|Any CPU
		{69653FDB-7DAB-444D-87DB-45284F0A598B}.Release|Any CPU.Build.0 = Release|Any CPU
		{658C9D51-BD80-44FB-BF85-6DAB7347778E}.Debug|Any CPU.ActiveCfg = Debug|Any CPU
		{658C9D51-BD80-44FB-BF85-6DAB7347778E}.Debug|Any CPU.Build.0 = Debug|Any CPU
		{658C9D51-BD80-44FB-BF85-6DAB7347778E}.Release|Any CPU.ActiveCfg = Release|Any CPU
		{658C9D51-BD80-44FB-BF85-6DAB7347778E}.Release|Any CPU.Build.0 = Release|Any CPU
		{FFAC3017-9740-4891-93AB-D3EC8DBB3E7D}.Debug|Any CPU.ActiveCfg = Debug|Any CPU
		{FFAC3017-9740-4891-93AB-D3EC8DBB3E7D}.Debug|Any CPU.Build.0 = Debug|Any CPU
		{FFAC3017-9740-4891-93AB-D3EC8DBB3E7D}.Release|Any CPU.ActiveCfg = Release|Any CPU
		{FFAC3017-9740-4891-93AB-D3EC8DBB3E7D}.Release|Any CPU.Build.0 = Release|Any CPU
		{AFBC01A7-D26E-43E8-83D9-1F3D38558A51}.Debug|Any CPU.ActiveCfg = Debug|Any CPU
		{AFBC01A7-D26E-43E8-83D9-1F3D38558A51}.Debug|Any CPU.Build.0 = Debug|Any CPU
		{AFBC01A7-D26E-43E8-83D9-1F3D38558A51}.Release|Any CPU.ActiveCfg = Release|Any CPU
		{AFBC01A7-D26E-43E8-83D9-1F3D38558A51}.Release|Any CPU.Build.0 = Release|Any CPU
		{1DAA35F7-921F-4FB3-B959-80A66ED3B0DE}.Debug|Any CPU.ActiveCfg = Debug|Any CPU
		{1DAA35F7-921F-4FB3-B959-80A66ED3B0DE}.Debug|Any CPU.Build.0 = Debug|Any CPU
		{1DAA35F7-921F-4FB3-B959-80A66ED3B0DE}.Release|Any CPU.ActiveCfg = Release|Any CPU
		{1DAA35F7-921F-4FB3-B959-80A66ED3B0DE}.Release|Any CPU.Build.0 = Release|Any CPU
		{B6255F67-7D74-4AE8-B52E-28C043FA929A}.Debug|Any CPU.ActiveCfg = Debug|Any CPU
		{B6255F67-7D74-4AE8-B52E-28C043FA929A}.Debug|Any CPU.Build.0 = Debug|Any CPU
		{B6255F67-7D74-4AE8-B52E-28C043FA929A}.Release|Any CPU.ActiveCfg = Release|Any CPU
		{B6255F67-7D74-4AE8-B52E-28C043FA929A}.Release|Any CPU.Build.0 = Release|Any CPU
		{5EE9D49B-300B-4382-A6B6-6F1AC405B51B}.Debug|Any CPU.ActiveCfg = Debug|Any CPU
		{5EE9D49B-300B-4382-A6B6-6F1AC405B51B}.Debug|Any CPU.Build.0 = Debug|Any CPU
		{5EE9D49B-300B-4382-A6B6-6F1AC405B51B}.Release|Any CPU.ActiveCfg = Release|Any CPU
		{5EE9D49B-300B-4382-A6B6-6F1AC405B51B}.Release|Any CPU.Build.0 = Release|Any CPU
		{5C174011-FCD7-487E-BAF5-65FB0E8293C0}.Debug|Any CPU.ActiveCfg = Debug|Any CPU
		{5C174011-FCD7-487E-BAF5-65FB0E8293C0}.Debug|Any CPU.Build.0 = Debug|Any CPU
		{5C174011-FCD7-487E-BAF5-65FB0E8293C0}.Release|Any CPU.ActiveCfg = Release|Any CPU
		{5C174011-FCD7-487E-BAF5-65FB0E8293C0}.Release|Any CPU.Build.0 = Release|Any CPU
		{C7FE7CE1-FEBD-4352-8D92-AC99E42FAE0A}.Debug|Any CPU.ActiveCfg = Debug|Any CPU
		{C7FE7CE1-FEBD-4352-8D92-AC99E42FAE0A}.Debug|Any CPU.Build.0 = Debug|Any CPU
		{C7FE7CE1-FEBD-4352-8D92-AC99E42FAE0A}.Release|Any CPU.ActiveCfg = Release|Any CPU
		{C7FE7CE1-FEBD-4352-8D92-AC99E42FAE0A}.Release|Any CPU.Build.0 = Release|Any CPU
		{7C1832BA-F806-4B77-A0CA-245C80C02626}.Debug|Any CPU.ActiveCfg = Debug|Any CPU
		{7C1832BA-F806-4B77-A0CA-245C80C02626}.Debug|Any CPU.Build.0 = Debug|Any CPU
		{7C1832BA-F806-4B77-A0CA-245C80C02626}.Release|Any CPU.ActiveCfg = Release|Any CPU
		{7C1832BA-F806-4B77-A0CA-245C80C02626}.Release|Any CPU.Build.0 = Release|Any CPU
		{C250CB98-BCEB-457B-9A87-65601CDA2E18}.Debug|Any CPU.ActiveCfg = Debug|Any CPU
		{C250CB98-BCEB-457B-9A87-65601CDA2E18}.Debug|Any CPU.Build.0 = Debug|Any CPU
		{C250CB98-BCEB-457B-9A87-65601CDA2E18}.Release|Any CPU.ActiveCfg = Release|Any CPU
		{C250CB98-BCEB-457B-9A87-65601CDA2E18}.Release|Any CPU.Build.0 = Release|Any CPU
		{10D36D34-86AD-435C-9642-5B95F1E33E0D}.Debug|Any CPU.ActiveCfg = Debug|Any CPU
		{10D36D34-86AD-435C-9642-5B95F1E33E0D}.Debug|Any CPU.Build.0 = Debug|Any CPU
		{10D36D34-86AD-435C-9642-5B95F1E33E0D}.Release|Any CPU.ActiveCfg = Release|Any CPU
		{10D36D34-86AD-435C-9642-5B95F1E33E0D}.Release|Any CPU.Build.0 = Release|Any CPU
		{7FEE0666-CAA2-4D31-8C51-2BABDC885630}.Debug|Any CPU.ActiveCfg = Debug|Any CPU
		{7FEE0666-CAA2-4D31-8C51-2BABDC885630}.Debug|Any CPU.Build.0 = Debug|Any CPU
		{7FEE0666-CAA2-4D31-8C51-2BABDC885630}.Release|Any CPU.ActiveCfg = Release|Any CPU
		{7FEE0666-CAA2-4D31-8C51-2BABDC885630}.Release|Any CPU.Build.0 = Release|Any CPU
		{92741774-B70A-4523-94C3-1636FB72B823}.Debug|Any CPU.ActiveCfg = Debug|Any CPU
		{92741774-B70A-4523-94C3-1636FB72B823}.Debug|Any CPU.Build.0 = Debug|Any CPU
		{92741774-B70A-4523-94C3-1636FB72B823}.Release|Any CPU.ActiveCfg = Release|Any CPU
		{92741774-B70A-4523-94C3-1636FB72B823}.Release|Any CPU.Build.0 = Release|Any CPU
		{6C780935-9A08-4D86-80B8-F6731DAC815D}.Debug|Any CPU.ActiveCfg = Debug|Any CPU
		{6C780935-9A08-4D86-80B8-F6731DAC815D}.Debug|Any CPU.Build.0 = Debug|Any CPU
		{6C780935-9A08-4D86-80B8-F6731DAC815D}.Release|Any CPU.ActiveCfg = Release|Any CPU
		{6C780935-9A08-4D86-80B8-F6731DAC815D}.Release|Any CPU.Build.0 = Release|Any CPU
	EndGlobalSection
	GlobalSection(SolutionProperties) = preSolution
		HideSolutionNode = FALSE
	EndGlobalSection
	GlobalSection(NestedProjects) = preSolution
		{F92B44CF-63EE-4781-8244-48ACC5386A8C} = {0D7AEFA3-ABB0-4AF1-A4C1-F8E05C241753}
		{4EA56716-702B-485A-A23A-10E110A85D78} = {0D7AEFA3-ABB0-4AF1-A4C1-F8E05C241753}
		{B511B595-A980-4D5C-BC2A-BCCB4065B433} = {0D7AEFA3-ABB0-4AF1-A4C1-F8E05C241753}
		{8D722841-4E2C-4673-A7CC-C2690EFE3915} = {F92B44CF-63EE-4781-8244-48ACC5386A8C}
		{6EB08C04-9CA2-48B7-9404-3188AFA3E2DF} = {4EA56716-702B-485A-A23A-10E110A85D78}
		{396A8530-C500-469E-9F6F-A2D9C286C47D} = {4EA56716-702B-485A-A23A-10E110A85D78}
		{922E22BD-10F8-4261-9ACC-9CD10A4C8147} = {4EA56716-702B-485A-A23A-10E110A85D78}
		{AF7B3C14-BC6E-4964-BD0B-5233428349B6} = {4EA56716-702B-485A-A23A-10E110A85D78}
		{2777E1BC-11DE-4BA1-8984-49F40FDD38AF} = {644F6F51-843D-425F-9F73-28C40B96976C}
		{D9AE4E2E-1845-479C-B5BF-6332FC679CB5} = {644F6F51-843D-425F-9F73-28C40B96976C}
		{7E6853DD-6E22-4442-BB01-AB331E19F60F} = {8DF6063C-15A8-443C-BCC0-38A36AC094C9}
		{01D912D8-3F96-4503-93E5-0771BE6871A1} = {8DF6063C-15A8-443C-BCC0-38A36AC094C9}
		{C343B827-D6DD-4CBD-8149-55C5E6D24B26} = {8DF6063C-15A8-443C-BCC0-38A36AC094C9}
		{E8F7DBC5-56DB-4F41-BA7B-98EA57A65D5E} = {644F6F51-843D-425F-9F73-28C40B96976C}
		{A8D5E390-FB29-4302-8EB4-836CD1648CEE} = {F69F5D94-B25A-4265-AAFA-1AB194F7DC19}
		{69653FDB-7DAB-444D-87DB-45284F0A598B} = {0035E709-EECF-4908-80CE-97A4D81979AE}
		{658C9D51-BD80-44FB-BF85-6DAB7347778E} = {0035E709-EECF-4908-80CE-97A4D81979AE}
		{FFAC3017-9740-4891-93AB-D3EC8DBB3E7D} = {102865B7-167F-4FE5-85CB-0174B5464252}
		{AFBC01A7-D26E-43E8-83D9-1F3D38558A51} = {102865B7-167F-4FE5-85CB-0174B5464252}
		{1DAA35F7-921F-4FB3-B959-80A66ED3B0DE} = {8DF6063C-15A8-443C-BCC0-38A36AC094C9}
		{B6255F67-7D74-4AE8-B52E-28C043FA929A} = {8DF6063C-15A8-443C-BCC0-38A36AC094C9}
		{5EE9D49B-300B-4382-A6B6-6F1AC405B51B} = {F92B44CF-63EE-4781-8244-48ACC5386A8C}
		{5C174011-FCD7-487E-BAF5-65FB0E8293C0} = {F92B44CF-63EE-4781-8244-48ACC5386A8C}
		{C7FE7CE1-FEBD-4352-8D92-AC99E42FAE0A} = {F92B44CF-63EE-4781-8244-48ACC5386A8C}
		{7C1832BA-F806-4B77-A0CA-245C80C02626} = {0D7AEFA3-ABB0-4AF1-A4C1-F8E05C241753}
		{644F6F51-843D-425F-9F73-28C40B96976C} = {0035E709-EECF-4908-80CE-97A4D81979AE}
		{BF845385-8B0B-43DE-BFCE-70DB89926D27} = {0035E709-EECF-4908-80CE-97A4D81979AE}
		{8DF6063C-15A8-443C-BCC0-38A36AC094C9} = {0035E709-EECF-4908-80CE-97A4D81979AE}
		{F69F5D94-B25A-4265-AAFA-1AB194F7DC19} = {0035E709-EECF-4908-80CE-97A4D81979AE}
		{102865B7-167F-4FE5-85CB-0174B5464252} = {0035E709-EECF-4908-80CE-97A4D81979AE}
		{C250CB98-BCEB-457B-9A87-65601CDA2E18} = {BF845385-8B0B-43DE-BFCE-70DB89926D27}
		{10D36D34-86AD-435C-9642-5B95F1E33E0D} = {BF845385-8B0B-43DE-BFCE-70DB89926D27}
		{7FEE0666-CAA2-4D31-8C51-2BABDC885630} = {BF845385-8B0B-43DE-BFCE-70DB89926D27}
		{92741774-B70A-4523-94C3-1636FB72B823} = {BF845385-8B0B-43DE-BFCE-70DB89926D27}
		{6C780935-9A08-4D86-80B8-F6731DAC815D} = {BF845385-8B0B-43DE-BFCE-70DB89926D27}
	EndGlobalSection
	GlobalSection(ExtensibilityGlobals) = postSolution
		SolutionGuid = {181EDF9D-4ACC-43F7-999C-666B433059BD}
	EndGlobalSection
EndGlobal
